# This file is automatically @generated by Cargo.
# It is not intended for manual editing.
version = 3

[[package]]
name = "ansi_term"
version = "0.11.0"
source = "registry+https://github.com/rust-lang/crates.io-index"
checksum = "ee49baf6cb617b853aa8d93bf420db2383fab46d314482ca2803b40d5fde979b"
dependencies = [
 "winapi",
]

[[package]]
name = "async-trait"
version = "0.1.48"
source = "registry+https://github.com/rust-lang/crates.io-index"
checksum = "36ea56748e10732c49404c153638a15ec3d6211ec5ff35d9bb20e13b93576adf"
dependencies = [
 "proc-macro2",
 "quote",
 "syn",
]

[[package]]
name = "atty"
version = "0.2.14"
source = "registry+https://github.com/rust-lang/crates.io-index"
checksum = "d9b39be18770d11421cdb1b9947a45dd3f37e93092cbf377614828a319d5fee8"
dependencies = [
 "hermit-abi",
 "libc",
 "winapi",
]

[[package]]
name = "autocfg"
version = "1.0.1"
source = "registry+https://github.com/rust-lang/crates.io-index"
checksum = "cdb031dd78e28731d87d56cc8ffef4a8f36ca26c38fe2de700543e627f8a464a"

[[package]]
name = "base64"
version = "0.13.0"
source = "registry+https://github.com/rust-lang/crates.io-index"
checksum = "904dfeac50f3cdaba28fc6f57fdcddb75f49ed61346676a78c4ffe55877802fd"

[[package]]
name = "bitflags"
version = "1.2.1"
source = "registry+https://github.com/rust-lang/crates.io-index"
checksum = "cf1de2fe8c75bc145a2f577add951f8134889b4795d47466a54a5c846d691693"

[[package]]
name = "block-buffer"
version = "0.9.0"
source = "registry+https://github.com/rust-lang/crates.io-index"
checksum = "4152116fd6e9dadb291ae18fc1ec3575ed6d84c29642d97890f4b4a3417297e4"
dependencies = [
 "generic-array",
]

[[package]]
name = "byteorder"
version = "1.4.3"
source = "registry+https://github.com/rust-lang/crates.io-index"
checksum = "14c189c53d098945499cdfa7ecc63567cf3886b3332b312a5b4585d8d3a6a610"

[[package]]
name = "bytes"
version = "1.0.1"
source = "registry+https://github.com/rust-lang/crates.io-index"
checksum = "b700ce4376041dcd0a327fd0097c41095743c4c8af8887265942faf1100bd040"

[[package]]
name = "cc"
version = "1.0.67"
source = "registry+https://github.com/rust-lang/crates.io-index"
checksum = "e3c69b077ad434294d3ce9f1f6143a2a4b89a8a2d54ef813d85003a4fd1137fd"

[[package]]
name = "cfg-if"
version = "1.0.0"
source = "registry+https://github.com/rust-lang/crates.io-index"
checksum = "baf1de4339761588bc0619e3cbc0120ee582ebb74b53b4efbf79117bd2da40fd"

[[package]]
name = "clap"
version = "2.33.3"
source = "registry+https://github.com/rust-lang/crates.io-index"
checksum = "37e58ac78573c40708d45522f0d80fa2f01cc4f9b4e2bf749807255454312002"
dependencies = [
 "ansi_term",
 "atty",
 "bitflags",
 "strsim",
 "textwrap",
 "unicode-width",
 "vec_map",
]

[[package]]
name = "console"
version = "0.14.1"
source = "registry+https://github.com/rust-lang/crates.io-index"
checksum = "3993e6445baa160675931ec041a5e03ca84b9c6e32a056150d3aa2bdda0a1f45"
dependencies = [
 "encode_unicode",
 "lazy_static",
 "libc",
 "regex",
 "terminal_size",
 "unicode-width",
 "winapi",
]

[[package]]
name = "cpuid-bool"
version = "0.1.2"
source = "registry+https://github.com/rust-lang/crates.io-index"
checksum = "8aebca1129a03dc6dc2b127edd729435bbc4a37e1d5f4d7513165089ceb02634"

[[package]]
name = "crossbeam-channel"
version = "0.5.0"
source = "registry+https://github.com/rust-lang/crates.io-index"
checksum = "dca26ee1f8d361640700bde38b2c37d8c22b3ce2d360e1fc1c74ea4b0aa7d775"
dependencies = [
 "cfg-if",
 "crossbeam-utils",
]

[[package]]
name = "crossbeam-deque"
version = "0.8.0"
source = "registry+https://github.com/rust-lang/crates.io-index"
checksum = "94af6efb46fef72616855b036a624cf27ba656ffc9be1b9a3c931cfc7749a9a9"
dependencies = [
 "cfg-if",
 "crossbeam-epoch",
 "crossbeam-utils",
]

[[package]]
name = "crossbeam-epoch"
version = "0.9.3"
source = "registry+https://github.com/rust-lang/crates.io-index"
checksum = "2584f639eb95fea8c798496315b297cf81b9b58b6d30ab066a75455333cf4b12"
dependencies = [
 "cfg-if",
 "crossbeam-utils",
 "lazy_static",
 "memoffset",
 "scopeguard",
]

[[package]]
name = "crossbeam-utils"
version = "0.8.3"
source = "registry+https://github.com/rust-lang/crates.io-index"
checksum = "e7e9d99fa91428effe99c5c6d4634cdeba32b8cf784fc428a2a687f61a952c49"
dependencies = [
 "autocfg",
 "cfg-if",
 "lazy_static",
]

[[package]]
name = "crypto-mac"
version = "0.10.0"
source = "registry+https://github.com/rust-lang/crates.io-index"
checksum = "4857fd85a0c34b3c3297875b747c1e02e06b6a0ea32dd892d8192b9ce0813ea6"
dependencies = [
 "generic-array",
 "subtle",
]

[[package]]
name = "digest"
version = "0.9.0"
source = "registry+https://github.com/rust-lang/crates.io-index"
checksum = "d3dd60d1080a57a05ab032377049e0591415d2b31afd7028356dbf3cc6dcb066"
dependencies = [
 "generic-array",
]

[[package]]
name = "either"
version = "1.6.1"
source = "registry+https://github.com/rust-lang/crates.io-index"
checksum = "e78d4f1cc4ae33bbfc157ed5d5a5ef3bc29227303d595861deb238fcec4e9457"

[[package]]
name = "encode_unicode"
version = "0.3.6"
source = "registry+https://github.com/rust-lang/crates.io-index"
checksum = "a357d28ed41a50f9c765dbfe56cbc04a64e53e5fc58ba79fbc34c10ef3df831f"

[[package]]
name = "fallible-iterator"
version = "0.2.0"
source = "registry+https://github.com/rust-lang/crates.io-index"
checksum = "4443176a9f2c162692bd3d352d745ef9413eec5782a80d8fd6f8a1ac692a07f7"

[[package]]
name = "foreign-types"
version = "0.3.2"
source = "registry+https://github.com/rust-lang/crates.io-index"
checksum = "f6f339eb8adc052cd2ca78910fda869aefa38d22d5cb648e6485e4d3fc06f3b1"
dependencies = [
 "foreign-types-shared",
]

[[package]]
name = "foreign-types-shared"
version = "0.1.1"
source = "registry+https://github.com/rust-lang/crates.io-index"
checksum = "00b0228411908ca8685dba7fc2cdd70ec9990a6e753e89b6ac91a84c40fbaf4b"

[[package]]
name = "fs_extra"
version = "1.2.0"
source = "registry+https://github.com/rust-lang/crates.io-index"
checksum = "2022715d62ab30faffd124d40b76f4134a550a87792276512b18d63272333394"

[[package]]
name = "futures"
version = "0.3.13"
source = "registry+https://github.com/rust-lang/crates.io-index"
checksum = "7f55667319111d593ba876406af7c409c0ebb44dc4be6132a783ccf163ea14c1"
dependencies = [
 "futures-channel",
 "futures-core",
 "futures-executor",
 "futures-io",
 "futures-sink",
 "futures-task",
 "futures-util",
]

[[package]]
name = "futures-channel"
version = "0.3.13"
source = "registry+https://github.com/rust-lang/crates.io-index"
checksum = "8c2dd2df839b57db9ab69c2c9d8f3e8c81984781937fe2807dc6dcf3b2ad2939"
dependencies = [
 "futures-core",
 "futures-sink",
]

[[package]]
name = "futures-core"
version = "0.3.13"
source = "registry+https://github.com/rust-lang/crates.io-index"
checksum = "15496a72fabf0e62bdc3df11a59a3787429221dd0710ba8ef163d6f7a9112c94"

[[package]]
name = "futures-executor"
version = "0.3.13"
source = "registry+https://github.com/rust-lang/crates.io-index"
checksum = "891a4b7b96d84d5940084b2a37632dd65deeae662c114ceaa2c879629c9c0ad1"
dependencies = [
 "futures-core",
 "futures-task",
 "futures-util",
]

[[package]]
name = "futures-io"
version = "0.3.13"
source = "registry+https://github.com/rust-lang/crates.io-index"
checksum = "d71c2c65c57704c32f5241c1223167c2c3294fd34ac020c807ddbe6db287ba59"

[[package]]
name = "futures-macro"
version = "0.3.13"
source = "registry+https://github.com/rust-lang/crates.io-index"
checksum = "ea405816a5139fb39af82c2beb921d52143f556038378d6db21183a5c37fbfb7"
dependencies = [
 "proc-macro-hack",
 "proc-macro2",
 "quote",
 "syn",
]

[[package]]
name = "futures-sink"
version = "0.3.13"
source = "registry+https://github.com/rust-lang/crates.io-index"
checksum = "85754d98985841b7d4f5e8e6fbfa4a4ac847916893ec511a2917ccd8525b8bb3"

[[package]]
name = "futures-task"
version = "0.3.13"
source = "registry+https://github.com/rust-lang/crates.io-index"
checksum = "fa189ef211c15ee602667a6fcfe1c1fd9e07d42250d2156382820fba33c9df80"

[[package]]
name = "futures-util"
version = "0.3.13"
source = "registry+https://github.com/rust-lang/crates.io-index"
checksum = "1812c7ab8aedf8d6f2701a43e1243acdbcc2b36ab26e2ad421eb99ac963d96d1"
dependencies = [
 "futures-channel",
 "futures-core",
 "futures-io",
 "futures-macro",
 "futures-sink",
 "futures-task",
 "memchr",
 "pin-project-lite",
 "pin-utils",
 "proc-macro-hack",
 "proc-macro-nested",
 "slab",
]

[[package]]
name = "generic-array"
version = "0.14.4"
source = "registry+https://github.com/rust-lang/crates.io-index"
checksum = "501466ecc8a30d1d3b7fc9229b122b2ce8ed6e9d9223f1138d4babb253e51817"
dependencies = [
 "typenum",
 "version_check",
]

[[package]]
name = "getrandom"
version = "0.2.2"
source = "registry+https://github.com/rust-lang/crates.io-index"
checksum = "c9495705279e7140bf035dde1f6e750c162df8b625267cd52cc44e0b156732c8"
dependencies = [
 "cfg-if",
 "libc",
 "wasi",
]

[[package]]
name = "hermit-abi"
version = "0.1.18"
source = "registry+https://github.com/rust-lang/crates.io-index"
checksum = "322f4de77956e22ed0e5032c359a0f1273f1f7f0d79bfa3b8ffbc730d7fbcc5c"
dependencies = [
 "libc",
]

[[package]]
name = "hmac"
version = "0.10.1"
source = "registry+https://github.com/rust-lang/crates.io-index"
checksum = "c1441c6b1e930e2817404b5046f1f989899143a12bf92de603b69f4e0aee1e15"
dependencies = [
 "crypto-mac",
 "digest",
]

[[package]]
name = "indicatif"
version = "0.15.0"
source = "registry+https://github.com/rust-lang/crates.io-index"
checksum = "7baab56125e25686df467fe470785512329883aab42696d661247aca2a2896e4"
dependencies = [
 "console",
 "lazy_static",
 "number_prefix",
 "regex",
]

[[package]]
name = "indoc"
version = "0.3.6"
source = "registry+https://github.com/rust-lang/crates.io-index"
checksum = "47741a8bc60fb26eb8d6e0238bbb26d8575ff623fdc97b1a2c00c050b9684ed8"
dependencies = [
 "indoc-impl",
 "proc-macro-hack",
]

[[package]]
name = "indoc-impl"
version = "0.3.6"
source = "registry+https://github.com/rust-lang/crates.io-index"
checksum = "ce046d161f000fffde5f432a0d034d0341dc152643b2598ed5bfce44c4f3a8f0"
dependencies = [
 "proc-macro-hack",
 "proc-macro2",
 "quote",
 "syn",
 "unindent",
]

[[package]]
name = "instant"
version = "0.1.9"
source = "registry+https://github.com/rust-lang/crates.io-index"
checksum = "61124eeebbd69b8190558df225adf7e4caafce0d743919e5d6b19652314ec5ec"
dependencies = [
 "cfg-if",
]

[[package]]
name = "jemalloc-sys"
version = "0.3.2"
source = "registry+https://github.com/rust-lang/crates.io-index"
checksum = "0d3b9f3f5c9b31aa0f5ed3260385ac205db665baa41d49bb8338008ae94ede45"
dependencies = [
 "cc",
 "fs_extra",
 "libc",
]

[[package]]
name = "jemallocator"
version = "0.3.2"
source = "registry+https://github.com/rust-lang/crates.io-index"
checksum = "43ae63fcfc45e99ab3d1b29a46782ad679e98436c3169d15a167a1108a724b69"
dependencies = [
 "jemalloc-sys",
 "libc",
]

[[package]]
name = "lazy_static"
version = "1.4.0"
source = "registry+https://github.com/rust-lang/crates.io-index"
checksum = "e2abad23fbc42b3700f2f279844dc832adb2b2eb069b2df918f455c4e18cc646"

[[package]]
name = "libc"
version = "0.2.90"
source = "registry+https://github.com/rust-lang/crates.io-index"
checksum = "ba4aede83fc3617411dc6993bc8c70919750c1c257c6ca6a502aed6e0e2394ae"

[[package]]
name = "lock_api"
version = "0.4.2"
source = "registry+https://github.com/rust-lang/crates.io-index"
checksum = "dd96ffd135b2fd7b973ac026d28085defbe8983df057ced3eb4f2130b0831312"
dependencies = [
 "scopeguard",
]

[[package]]
name = "log"
version = "0.4.14"
source = "registry+https://github.com/rust-lang/crates.io-index"
checksum = "51b9bbe6c47d51fc3e1a9b945965946b4c44142ab8792c50835a980d362c2710"
dependencies = [
 "cfg-if",
]

[[package]]
name = "matches"
version = "0.1.8"
source = "registry+https://github.com/rust-lang/crates.io-index"
checksum = "7ffc5c5338469d4d3ea17d269fa8ea3512ad247247c30bd2df69e68309ed0a08"

[[package]]
name = "md5"
version = "0.7.0"
source = "registry+https://github.com/rust-lang/crates.io-index"
checksum = "490cc448043f947bae3cbee9c203358d62dbee0db12107a74be5c30ccfd09771"

[[package]]
name = "memchr"
version = "2.3.4"
source = "registry+https://github.com/rust-lang/crates.io-index"
checksum = "0ee1c47aaa256ecabcaea351eae4a9b01ef39ed810004e298d2511ed284b1525"

[[package]]
name = "memoffset"
version = "0.6.1"
source = "registry+https://github.com/rust-lang/crates.io-index"
checksum = "157b4208e3059a8f9e78d559edc658e13df41410cb3ae03979c83130067fdd87"
dependencies = [
 "autocfg",
]

[[package]]
name = "mio"
version = "0.7.10"
source = "registry+https://github.com/rust-lang/crates.io-index"
checksum = "2182a122f3b7f3f5329cb1972cee089ba2459a0a80a56935e6e674f096f8d839"
dependencies = [
 "libc",
 "log",
 "miow",
 "ntapi",
 "winapi",
]

[[package]]
name = "miow"
version = "0.3.6"
source = "registry+https://github.com/rust-lang/crates.io-index"
checksum = "5a33c1b55807fbed163481b5ba66db4b2fa6cde694a5027be10fb724206c5897"
dependencies = [
 "socket2",
 "winapi",
]

[[package]]
name = "new_debug_unreachable"
version = "1.0.4"
source = "registry+https://github.com/rust-lang/crates.io-index"
checksum = "e4a24736216ec316047a1fc4252e27dabb04218aa4a3f37c6e7ddbf1f9782b54"

[[package]]
name = "ntapi"
version = "0.3.6"
source = "registry+https://github.com/rust-lang/crates.io-index"
checksum = "3f6bb902e437b6d86e03cce10a7e2af662292c5dfef23b65899ea3ac9354ad44"
dependencies = [
 "winapi",
]

[[package]]
name = "num_cpus"
version = "1.13.0"
source = "registry+https://github.com/rust-lang/crates.io-index"
checksum = "05499f3756671c15885fee9034446956fff3f243d6077b91e5767df161f766b3"
dependencies = [
 "hermit-abi",
 "libc",
]

[[package]]
name = "number_prefix"
version = "0.3.0"
source = "registry+https://github.com/rust-lang/crates.io-index"
checksum = "17b02fc0ff9a9e4b35b3342880f48e896ebf69f2967921fe8646bf5b7125956a"

[[package]]
name = "once_cell"
version = "1.7.2"
source = "registry+https://github.com/rust-lang/crates.io-index"
checksum = "af8b08b04175473088b46763e51ee54da5f9a164bc162f615b91bc179dbf15a3"

[[package]]
name = "opaque-debug"
version = "0.3.0"
source = "registry+https://github.com/rust-lang/crates.io-index"
checksum = "624a8340c38c1b80fd549087862da4ba43e08858af025b236e509b6649fc13d5"

[[package]]
name = "openssl"
version = "0.10.33"
source = "registry+https://github.com/rust-lang/crates.io-index"
checksum = "a61075b62a23fef5a29815de7536d940aa35ce96d18ce0cc5076272db678a577"
dependencies = [
 "bitflags",
 "cfg-if",
 "foreign-types",
 "libc",
 "once_cell",
 "openssl-sys",
]

[[package]]
name = "openssl-sys"
version = "0.9.61"
source = "registry+https://github.com/rust-lang/crates.io-index"
checksum = "313752393519e876837e09e1fa183ddef0be7735868dced3196f4472d536277f"
dependencies = [
 "autocfg",
 "cc",
 "libc",
 "pkg-config",
 "vcpkg",
]

[[package]]
name = "parking_lot"
version = "0.11.1"
source = "registry+https://github.com/rust-lang/crates.io-index"
checksum = "6d7744ac029df22dca6284efe4e898991d28e3085c706c972bcd7da4a27a15eb"
dependencies = [
 "instant",
 "lock_api",
 "parking_lot_core",
]

[[package]]
name = "parking_lot_core"
version = "0.8.3"
source = "registry+https://github.com/rust-lang/crates.io-index"
checksum = "fa7a782938e745763fe6907fc6ba86946d72f49fe7e21de074e08128a99fb018"
dependencies = [
 "cfg-if",
 "instant",
 "libc",
 "redox_syscall",
 "smallvec",
 "winapi",
]

[[package]]
name = "paste"
version = "0.1.18"
source = "registry+https://github.com/rust-lang/crates.io-index"
checksum = "45ca20c77d80be666aef2b45486da86238fabe33e38306bd3118fe4af33fa880"
dependencies = [
 "paste-impl",
 "proc-macro-hack",
]

[[package]]
name = "paste-impl"
version = "0.1.18"
source = "registry+https://github.com/rust-lang/crates.io-index"
checksum = "d95a7db200b97ef370c8e6de0088252f7e0dfff7d047a28528e47456c0fc98b6"
dependencies = [
 "proc-macro-hack",
]

[[package]]
name = "percent-encoding"
version = "2.1.0"
source = "registry+https://github.com/rust-lang/crates.io-index"
checksum = "d4fd5641d01c8f18a23da7b6fe29298ff4b55afcccdf78973b24cf3175fee32e"

[[package]]
name = "phf"
version = "0.8.0"
source = "registry+https://github.com/rust-lang/crates.io-index"
checksum = "3dfb61232e34fcb633f43d12c58f83c1df82962dcdfa565a4e866ffc17dafe12"
dependencies = [
 "phf_shared",
]

[[package]]
name = "phf_shared"
version = "0.8.0"
source = "registry+https://github.com/rust-lang/crates.io-index"
checksum = "c00cf8b9eafe68dde5e9eaa2cef8ee84a9336a47d566ec55ca16589633b65af7"
dependencies = [
 "siphasher",
]

[[package]]
name = "pin-project"
version = "1.0.5"
source = "registry+https://github.com/rust-lang/crates.io-index"
checksum = "96fa8ebb90271c4477f144354485b8068bd8f6b78b428b01ba892ca26caf0b63"
dependencies = [
 "pin-project-internal",
]

[[package]]
name = "pin-project-internal"
version = "1.0.5"
source = "registry+https://github.com/rust-lang/crates.io-index"
checksum = "758669ae3558c6f74bd2a18b41f7ac0b5a195aea6639d6a9b5e5d1ad5ba24c0b"
dependencies = [
 "proc-macro2",
 "quote",
 "syn",
]

[[package]]
name = "pin-project-lite"
version = "0.2.6"
source = "registry+https://github.com/rust-lang/crates.io-index"
checksum = "dc0e1f259c92177c30a4c9d177246edd0a3568b25756a977d0632cf8fa37e905"

[[package]]
name = "pin-utils"
version = "0.1.0"
source = "registry+https://github.com/rust-lang/crates.io-index"
checksum = "8b870d8c151b6f2fb93e84a13146138f05d02ed11c7e7c54f8826aaaf7c9f184"

[[package]]
name = "pkg-config"
version = "0.3.19"
source = "registry+https://github.com/rust-lang/crates.io-index"
checksum = "3831453b3449ceb48b6d9c7ad7c96d5ea673e9b470a1dc578c2ce6521230884c"

[[package]]
name = "postgres"
version = "0.19.0"
source = "registry+https://github.com/rust-lang/crates.io-index"
checksum = "0f853fba627ed1f21392d329eeb03caf90dce57a65dfbd24274f4c39452ed3bb"
dependencies = [
 "bytes",
 "fallible-iterator",
 "futures",
 "log",
 "tokio",
 "tokio-postgres",
]

[[package]]
name = "postgres-openssl"
version = "0.5.0"
source = "registry+https://github.com/rust-lang/crates.io-index"
checksum = "1de0ea6504e07ca78355a6fb88ad0f36cafe9e696cbc6717f16a207f3a60be72"
dependencies = [
 "futures",
 "openssl",
 "tokio",
 "tokio-openssl",
 "tokio-postgres",
]

[[package]]
name = "postgres-protocol"
version = "0.6.0"
source = "registry+https://github.com/rust-lang/crates.io-index"
checksum = "70e34ad3dc5c56d036b9418185ee97e14b6766d55c8ccf9dc18302ad4e6371d9"
dependencies = [
 "base64",
 "byteorder",
 "bytes",
 "fallible-iterator",
 "hmac",
 "md5",
 "memchr",
 "rand",
 "sha2",
 "stringprep",
]

[[package]]
name = "postgres-types"
version = "0.2.0"
source = "registry+https://github.com/rust-lang/crates.io-index"
checksum = "5493d9d4613b88b12433aa12890e74e74cd93fdc1e08b7c2aed4768aaae8414c"
dependencies = [
 "bytes",
 "fallible-iterator",
 "postgres-protocol",
]

[[package]]
name = "ppv-lite86"
version = "0.2.10"
source = "registry+https://github.com/rust-lang/crates.io-index"
checksum = "ac74c624d6b2d21f425f752262f42188365d7b8ff1aff74c82e45136510a4857"

[[package]]
name = "precomputed-hash"
version = "0.1.1"
source = "registry+https://github.com/rust-lang/crates.io-index"
checksum = "925383efa346730478fb4838dbe9137d2a47675ad789c546d150a6e1dd4ab31c"

[[package]]
name = "proc-macro-hack"
version = "0.5.19"
source = "registry+https://github.com/rust-lang/crates.io-index"
checksum = "dbf0c48bc1d91375ae5c3cd81e3722dff1abcf81a30960240640d223f59fe0e5"

[[package]]
name = "proc-macro-nested"
version = "0.1.7"
source = "registry+https://github.com/rust-lang/crates.io-index"
checksum = "bc881b2c22681370c6a780e47af9840ef841837bc98118431d4e1868bd0c1086"

[[package]]
name = "proc-macro2"
version = "1.0.24"
source = "registry+https://github.com/rust-lang/crates.io-index"
checksum = "1e0704ee1a7e00d7bb417d0770ea303c1bccbabf0ef1667dae92b5967f5f8a71"
dependencies = [
 "unicode-xid",
]

[[package]]
name = "pyo3"
version = "0.14.1"
source = "registry+https://github.com/rust-lang/crates.io-index"
checksum = "338f7f3701e11fd7f76508c91fbcaabc982564bcaf4d1ca7e1574ff2b4778aec"
dependencies = [
 "cfg-if",
 "indoc",
 "libc",
 "parking_lot",
 "paste",
 "pyo3-build-config",
 "pyo3-macros",
 "unindent",
]

[[package]]
name = "pyo3-build-config"
version = "0.14.1"
source = "registry+https://github.com/rust-lang/crates.io-index"
checksum = "dcb2e98cc9ccc83d4f7115c8f925e0057e88c8d324b1bc4c2db4a7270c06ac9d"
dependencies = [
 "once_cell",
]

[[package]]
name = "pyo3-macros"
version = "0.14.1"
source = "registry+https://github.com/rust-lang/crates.io-index"
checksum = "cfb8671a42d0ecc4bec8cc107ae96d49292ca20cd1968e09b98af4aafd516adf"
dependencies = [
 "pyo3-macros-backend",
 "quote",
 "syn",
]

[[package]]
name = "pyo3-macros-backend"
version = "0.14.1"
source = "registry+https://github.com/rust-lang/crates.io-index"
checksum = "9addf6dc422f05d4949cc0990195ee74fa43e3c3780cc9a1972fe9e7b68a9f48"
dependencies = [
 "proc-macro2",
 "pyo3-build-config",
 "quote",
 "syn",
]

[[package]]
name = "quote"
version = "1.0.9"
source = "registry+https://github.com/rust-lang/crates.io-index"
checksum = "c3d0b9745dc2debf507c8422de05d7226cc1f0644216dfdfead988f9b1ab32a7"
dependencies = [
 "proc-macro2",
]

[[package]]
name = "rand"
version = "0.8.3"
source = "registry+https://github.com/rust-lang/crates.io-index"
checksum = "0ef9e7e66b4468674bfcb0c81af8b7fa0bb154fa9f28eb840da5c447baeb8d7e"
dependencies = [
 "libc",
 "rand_chacha",
 "rand_core",
 "rand_hc",
]

[[package]]
name = "rand_chacha"
version = "0.3.0"
source = "registry+https://github.com/rust-lang/crates.io-index"
checksum = "e12735cf05c9e10bf21534da50a147b924d555dc7a547c42e6bb2d5b6017ae0d"
dependencies = [
 "ppv-lite86",
 "rand_core",
]

[[package]]
name = "rand_core"
version = "0.6.2"
source = "registry+https://github.com/rust-lang/crates.io-index"
checksum = "34cf66eb183df1c5876e2dcf6b13d57340741e8dc255b48e40a26de954d06ae7"
dependencies = [
 "getrandom",
]

[[package]]
name = "rand_hc"
version = "0.3.0"
source = "registry+https://github.com/rust-lang/crates.io-index"
checksum = "3190ef7066a446f2e7f42e239d161e905420ccab01eb967c9eb27d21b2322a73"
dependencies = [
 "rand_core",
]

[[package]]
name = "rayon"
version = "1.5.0"
source = "registry+https://github.com/rust-lang/crates.io-index"
checksum = "8b0d8e0819fadc20c74ea8373106ead0600e3a67ef1fe8da56e39b9ae7275674"
dependencies = [
 "autocfg",
 "crossbeam-deque",
 "either",
 "rayon-core",
]

[[package]]
name = "rayon-core"
version = "1.9.0"
source = "registry+https://github.com/rust-lang/crates.io-index"
checksum = "9ab346ac5921dc62ffa9f89b7a773907511cdfa5490c572ae9be1be33e8afa4a"
dependencies = [
 "crossbeam-channel",
 "crossbeam-deque",
 "crossbeam-utils",
 "lazy_static",
 "num_cpus",
]

[[package]]
name = "redox_syscall"
version = "0.2.5"
source = "registry+https://github.com/rust-lang/crates.io-index"
checksum = "94341e4e44e24f6b591b59e47a8a027df12e008d73fd5672dbea9cc22f4507d9"
dependencies = [
 "bitflags",
]

[[package]]
name = "regex"
version = "1.4.5"
source = "registry+https://github.com/rust-lang/crates.io-index"
checksum = "957056ecddbeba1b26965114e191d2e8589ce74db242b6ea25fc4062427a5c19"
dependencies = [
 "regex-syntax",
]

[[package]]
name = "regex-syntax"
version = "0.6.23"
source = "registry+https://github.com/rust-lang/crates.io-index"
checksum = "24d5f089152e60f62d28b835fbff2cd2e8dc0baf1ac13343bef92ab7eed84548"

[[package]]
name = "scopeguard"
version = "1.1.0"
source = "registry+https://github.com/rust-lang/crates.io-index"
checksum = "d29ab0c6d3fc0ee92fe66e2d99f700eab17a8d57d1c1d3b748380fb20baa78cd"

[[package]]
name = "serde"
version = "1.0.124"
source = "registry+https://github.com/rust-lang/crates.io-index"
checksum = "bd761ff957cb2a45fbb9ab3da6512de9de55872866160b23c25f1a841e99d29f"

[[package]]
name = "sha2"
version = "0.9.3"
source = "registry+https://github.com/rust-lang/crates.io-index"
checksum = "fa827a14b29ab7f44778d14a88d3cb76e949c45083f7dbfa507d0cb699dc12de"
dependencies = [
 "block-buffer",
 "cfg-if",
 "cpuid-bool",
 "digest",
 "opaque-debug",
]

[[package]]
name = "siphasher"
version = "0.3.3"
source = "registry+https://github.com/rust-lang/crates.io-index"
checksum = "fa8f3741c7372e75519bd9346068370c9cdaabcc1f9599cbcf2a2719352286b7"

[[package]]
name = "slab"
version = "0.4.2"
source = "registry+https://github.com/rust-lang/crates.io-index"
checksum = "c111b5bd5695e56cffe5129854aa230b39c93a305372fdbb2668ca2394eea9f8"

[[package]]
name = "smallvec"
version = "1.6.1"
source = "registry+https://github.com/rust-lang/crates.io-index"
checksum = "fe0f37c9e8f3c5a4a66ad655a93c74daac4ad00c441533bf5c6e7990bb42604e"

[[package]]
name = "socket2"
version = "0.3.19"
source = "registry+https://github.com/rust-lang/crates.io-index"
checksum = "122e570113d28d773067fab24266b66753f6ea915758651696b6e35e49f88d6e"
dependencies = [
 "cfg-if",
 "libc",
 "winapi",
]

[[package]]
name = "state-map"
version = "0.1.0"
source = "git+https://github.com/matrix-org/rust-matrix-state-map#211343e8dd8d14e8a4c5c6ab72b52589fdd37e27"

[[package]]
name = "string_cache"
version = "0.8.1"
source = "registry+https://github.com/rust-lang/crates.io-index"
checksum = "8ddb1139b5353f96e429e1a5e19fbaf663bddedaa06d1dbd49f82e352601209a"
dependencies = [
 "lazy_static",
 "new_debug_unreachable",
 "phf_shared",
 "precomputed-hash",
 "serde",
]

[[package]]
name = "stringprep"
version = "0.1.2"
source = "registry+https://github.com/rust-lang/crates.io-index"
checksum = "8ee348cb74b87454fff4b551cbf727025810a004f88aeacae7f85b87f4e9a1c1"
dependencies = [
 "unicode-bidi",
 "unicode-normalization",
]

[[package]]
name = "strsim"
version = "0.8.0"
source = "registry+https://github.com/rust-lang/crates.io-index"
checksum = "8ea5119cdb4c55b55d432abb513a0429384878c15dde60cc77b1c99de1a95a6a"

[[package]]
name = "subtle"
version = "2.4.0"
source = "registry+https://github.com/rust-lang/crates.io-index"
checksum = "1e81da0851ada1f3e9d4312c704aa4f8806f0f9d69faaf8df2f3464b4a9437c2"

[[package]]
name = "syn"
version = "1.0.64"
source = "registry+https://github.com/rust-lang/crates.io-index"
checksum = "3fd9d1e9976102a03c542daa2eff1b43f9d72306342f3f8b3ed5fb8908195d6f"
dependencies = [
 "proc-macro2",
 "quote",
 "unicode-xid",
]

[[package]]
name = "synapse_compress_state"
version = "0.1.0"
dependencies = [
 "clap",
 "indicatif",
 "jemallocator",
 "openssl",
 "postgres",
 "postgres-openssl",
 "pyo3",
 "rand",
 "rayon",
 "state-map",
 "string_cache",
]

[[package]]
name = "terminal_size"
version = "0.1.16"
source = "registry+https://github.com/rust-lang/crates.io-index"
checksum = "86ca8ced750734db02076f44132d802af0b33b09942331f4459dde8636fd2406"
dependencies = [
 "libc",
 "winapi",
]

[[package]]
name = "textwrap"
version = "0.11.0"
source = "registry+https://github.com/rust-lang/crates.io-index"
checksum = "d326610f408c7a4eb6f51c37c330e496b08506c9457c9d34287ecc38809fb060"
dependencies = [
 "unicode-width",
]

[[package]]
name = "tinyvec"
version = "1.1.1"
source = "registry+https://github.com/rust-lang/crates.io-index"
checksum = "317cca572a0e89c3ce0ca1f1bdc9369547fe318a683418e42ac8f59d14701023"
dependencies = [
 "tinyvec_macros",
]

[[package]]
name = "tinyvec_macros"
version = "0.1.0"
source = "registry+https://github.com/rust-lang/crates.io-index"
checksum = "cda74da7e1a664f795bb1f8a87ec406fb89a02522cf6e50620d016add6dbbf5c"

[[package]]
name = "tokio"
version = "1.3.0"
source = "registry+https://github.com/rust-lang/crates.io-index"
checksum = "8d56477f6ed99e10225f38f9f75f872f29b8b8bd8c0b946f63345bb144e9eeda"
dependencies = [
 "autocfg",
 "bytes",
 "libc",
 "memchr",
 "mio",
 "pin-project-lite",
]

[[package]]
name = "tokio-openssl"
version = "0.6.1"
source = "registry+https://github.com/rust-lang/crates.io-index"
checksum = "ac1bec5c0a4aa71e3459802c7a12e8912c2091ce2151004f9ce95cc5d1c6124e"
dependencies = [
 "futures",
 "openssl",
 "pin-project",
 "tokio",
]

[[package]]
name = "tokio-postgres"
version = "0.7.0"
source = "registry+https://github.com/rust-lang/crates.io-index"
checksum = "1cc9f82c2bfb06a33dd0dfb44b07ca98fe72df19e681d80c78d05a1bac2138e2"
dependencies = [
 "async-trait",
 "byteorder",
 "bytes",
 "fallible-iterator",
 "futures",
 "log",
 "parking_lot",
 "percent-encoding",
 "phf",
 "pin-project-lite",
 "postgres-protocol",
 "postgres-types",
 "socket2",
 "tokio",
 "tokio-util",
]

[[package]]
name = "tokio-util"
version = "0.6.4"
source = "registry+https://github.com/rust-lang/crates.io-index"
checksum = "ec31e5cc6b46e653cf57762f36f71d5e6386391d88a72fd6db4508f8f676fb29"
dependencies = [
 "bytes",
 "futures-core",
 "futures-sink",
 "log",
 "pin-project-lite",
 "tokio",
]

[[package]]
name = "typenum"
version = "1.13.0"
source = "registry+https://github.com/rust-lang/crates.io-index"
checksum = "879f6906492a7cd215bfa4cf595b600146ccfac0c79bcbd1f3000162af5e8b06"

[[package]]
name = "unicode-bidi"
version = "0.3.4"
source = "registry+https://github.com/rust-lang/crates.io-index"
checksum = "49f2bd0c6468a8230e1db229cff8029217cf623c767ea5d60bfbd42729ea54d5"
dependencies = [
 "matches",
]

[[package]]
name = "unicode-normalization"
version = "0.1.17"
source = "registry+https://github.com/rust-lang/crates.io-index"
checksum = "07fbfce1c8a97d547e8b5334978438d9d6ec8c20e38f56d4a4374d181493eaef"
dependencies = [
 "tinyvec",
]

[[package]]
name = "unicode-width"
version = "0.1.8"
source = "registry+https://github.com/rust-lang/crates.io-index"
checksum = "9337591893a19b88d8d87f2cec1e73fad5cdfd10e5a6f349f498ad6ea2ffb1e3"

[[package]]
name = "unicode-xid"
version = "0.2.1"
source = "registry+https://github.com/rust-lang/crates.io-index"
checksum = "f7fe0bb3479651439c9112f72b6c505038574c9fbb575ed1bf3b797fa39dd564"

[[package]]
name = "unindent"
version = "0.1.7"
source = "registry+https://github.com/rust-lang/crates.io-index"
checksum = "f14ee04d9415b52b3aeab06258a3f07093182b88ba0f9b8d203f211a7a7d41c7"

[[package]]
name = "vcpkg"
version = "0.2.11"
source = "registry+https://github.com/rust-lang/crates.io-index"
checksum = "b00bca6106a5e23f3eee943593759b7fcddb00554332e856d990c893966879fb"

[[package]]
name = "vec_map"
version = "0.8.2"
source = "registry+https://github.com/rust-lang/crates.io-index"
checksum = "f1bddf1187be692e79c5ffeab891132dfb0f236ed36a43c7ed39f1165ee20191"

[[package]]
name = "version_check"
version = "0.9.3"
source = "registry+https://github.com/rust-lang/crates.io-index"
checksum = "5fecdca9a5291cc2b8dcf7dc02453fee791a280f3743cb0905f8822ae463b3fe"

[[package]]
name = "wasi"
version = "0.10.2+wasi-snapshot-preview1"
source = "registry+https://github.com/rust-lang/crates.io-index"
checksum = "fd6fbd9a79829dd1ad0cc20627bf1ed606756a7f77edff7b66b7064f9cb327c6"

[[package]]
name = "winapi"
version = "0.3.9"
source = "registry+https://github.com/rust-lang/crates.io-index"
checksum = "5c839a674fcd7a98952e593242ea400abe93992746761e38641405d28b00f419"
dependencies = [
 "winapi-i686-pc-windows-gnu",
 "winapi-x86_64-pc-windows-gnu",
]

[[package]]
name = "winapi-i686-pc-windows-gnu"
version = "0.4.0"
source = "registry+https://github.com/rust-lang/crates.io-index"
checksum = "ac3b87c63620426dd9b991e5ce0329eff545bccbbb34f3be09ff6fb6ab51b7b6"

[[package]]
name = "winapi-x86_64-pc-windows-gnu"
version = "0.4.0"
source = "registry+https://github.com/rust-lang/crates.io-index"
checksum = "712e227841d057c1ee1cd2fb22fa7e5a5461ae8e48fa2ca79ec42cfc1931183f"
